
Microsoft Visual Studio Solution File, Format Version 12.00
# Visual Studio 15
VisualStudioVersion = 15.0.28010.2046
MinimumVisualStudioVersion = 10.0.40219.1
Project("{FAE04EC0-301F-11D3-BF4B-00C04F79EFBC}") = "TrakceAngular", "TrakceAngular\TrakceAngular.csproj", "{3424AD43-DE41-436E-8415-F19529D370C4}"
EndProject
Global
	GlobalSection(SolutionConfigurationPlatforms) = preSolution
		Debug|Any CPU = Debug|Any CPU
		Release|Any CPU = Release|Any CPU
	EndGlobalSection
	GlobalSection(ProjectConfigurationPlatforms) = postSolution
		{3424AD43-DE41-436E-8415-F19529D370C4}.Debug|Any CPU.ActiveCfg = Debug|Any CPU
		{3424AD43-DE41-436E-8415-F19529D370C4}.Debug|Any CPU.Build.0 = Debug|Any CPU
		{3424AD43-DE41-436E-8415-F19529D370C4}.Release|Any CPU.ActiveCfg = Release|Any CPU
		{3424AD43-DE41-436E-8415-F19529D370C4}.Release|Any CPU.Build.0 = Release|Any CPU
	EndGlobalSection
	GlobalSection(SolutionProperties) = preSolution
		HideSolutionNode = FALSE
	EndGlobalSection
	GlobalSection(ExtensibilityGlobals) = postSolution
		SolutionGuid = {A4707116-2836-4DDC-B660-45B7C60EAF1C}
	EndGlobalSection
EndGlobal
